{
    "_readme": [
        "This file locks the dependencies of your project to a known state",
        "Read more about it at https://getcomposer.org/doc/01-basic-usage.md#installing-dependencies",
        "This file is @generated automatically"
    ],
    "content-hash": "3520afeea4d6f8b730e2da690c4678d5",
    "packages": [],
    "packages-dev": [],
    "aliases": [],
    "minimum-stability": "stable",
    "stability-flags": [],
    "prefer-stable": false,
    "prefer-lowest": false,
    "platform": {
        "ext-exif": "*",
        "ext-mbstring": "*",
        "ext-gd": "*"
    },
    "platform-dev": [],
    "plugin-api-version": "2.0.0"
}
